
Microsoft Visual Studio Solution File, Format Version 12.00
# Visual Studio 15
VisualStudioVersion = 15.0.28307.489
MinimumVisualStudioVersion = 10.0.40219.1
Project("{2150E333-8FDC-42A3-9474-1A3956D46DE8}") = "py-pypykatz", "py-pypykatz", "{93BE03F6-8DCA-4149-8E50-47329420A693}"
	ProjectSection(SolutionItems) = preProject
		files\plugins\pym_pypykatz\__init__.py = files\plugins\pym_pypykatz\__init__.py
		files\plugins\pym_pypykatz\pym_pypykatz.py = files\plugins\pym_pypykatz\pym_pypykatz.py
		files\plugins\pym_pypykatz\pypyreader.py = files\plugins\pym_pypykatz\pypyreader.py
		files\plugins\pym_pypykatz\sysinfo_helpers.py = files\plugins\pym_pypykatz\sysinfo_helpers.py
	EndProjectSection
EndProject
Project("{2150E333-8FDC-42A3-9474-1A3956D46DE8}") = "Solution Items", "Solution Items", "{9E009C89-6E32-4879-825C-77FB3407EE4D}"
	ProjectSection(SolutionItems) = preProject
		README.md = README.md
	EndProjectSection
EndProject
Global
	GlobalSection(SolutionProperties) = preSolution
		HideSolutionNode = FALSE
	EndGlobalSection
	GlobalSection(ExtensibilityGlobals) = postSolution
		SolutionGuid = {F06B8B58-971D-4603-AC0F-4A055FBA612C}
	EndGlobalSection
EndGlobal
